
Microsoft Visual Studio Solution File, Format Version 12.00
# Visual Studio Version 17
VisualStudioVersion = 17.3.32929.385
MinimumVisualStudioVersion = 10.0.40219.1
Project("{FAE04EC0-301F-11D3-BF4B-00C04F79EFBC}") = "lab2_cs", "lab2_cs\lab2_cs.csproj", "{DC56DDC4-128B-4E72-88B3-E0D9D22DEBD1}"
EndProject
Project("{9A19103F-16F7-4668-BE54-9A1E7A4F7556}") = "app", "app\app.csproj", "{36FA7FFA-14D4-49ED-8365-3523633DA279}"
EndProject
Project("{2150E333-8FDC-42A3-9474-1A3956D46DE8}") = "Solution Items", "Solution Items", "{790C27E6-109D-4161-88CB-74B370F338DF}"
	ProjectSection(SolutionItems) = preProject
		lab2_cs\library.xml = lab2_cs\library.xml
	EndProjectSection
EndProject
Global
	GlobalSection(SolutionConfigurationPlatforms) = preSolution
		Debug|Any CPU = Debug|Any CPU
		Release|Any CPU = Release|Any CPU
	EndGlobalSection
	GlobalSection(ProjectConfigurationPlatforms) = postSolution
		{DC56DDC4-128B-4E72-88B3-E0D9D22DEBD1}.Debug|Any CPU.ActiveCfg = Debug|Any CPU
		{DC56DDC4-128B-4E72-88B3-E0D9D22DEBD1}.Debug|Any CPU.Build.0 = Debug|Any CPU
		{DC56DDC4-128B-4E72-88B3-E0D9D22DEBD1}.Release|Any CPU.ActiveCfg = Release|Any CPU
		{DC56DDC4-128B-4E72-88B3-E0D9D22DEBD1}.Release|Any CPU.Build.0 = Release|Any CPU
		{36FA7FFA-14D4-49ED-8365-3523633DA279}.Debug|Any CPU.ActiveCfg = Debug|Any CPU
		{36FA7FFA-14D4-49ED-8365-3523633DA279}.Debug|Any CPU.Build.0 = Debug|Any CPU
		{36FA7FFA-14D4-49ED-8365-3523633DA279}.Release|Any CPU.ActiveCfg = Release|Any CPU
		{36FA7FFA-14D4-49ED-8365-3523633DA279}.Release|Any CPU.Build.0 = Release|Any CPU
	EndGlobalSection
	GlobalSection(SolutionProperties) = preSolution
		HideSolutionNode = FALSE
	EndGlobalSection
	GlobalSection(ExtensibilityGlobals) = postSolution
		SolutionGuid = {6E8C98EB-7BE9-44BE-A5C0-C00DE37CCAE6}
	EndGlobalSection
EndGlobal
